// !$*UTF8*$!
{
	archiveVersion = 1;
	classes = {
	};
	objectVersion = 52;
	objects = {

/* Begin PBXBuildFile section */
		1570797F292BA9EB00E48161 /* ReSwift in Frameworks */ = {isa = PBXBuildFile; productRef = 1570797E292BA9EB00E48161 /* ReSwift */; };
		15707982292BAA4700E48161 /* ReSwiftThunk in Frameworks */ = {isa = PBXBuildFile; productRef = 15707981292BAA4700E48161 /* ReSwiftThunk */; };
		157079A6292BAD0500E48161 /* RxBlocking in Frameworks */ = {isa = PBXBuildFile; productRef = 157079A5292BAD0500E48161 /* RxBlocking */; };
		157079A8292BAD0500E48161 /* RxCocoa in Frameworks */ = {isa = PBXBuildFile; productRef = 157079A7292BAD0500E48161 /* RxCocoa */; };
		157079AA292BAD0500E48161 /* RxRelay in Frameworks */ = {isa = PBXBuildFile; productRef = 157079A9292BAD0500E48161 /* RxRelay */; };
		157079AC292BAD0500E48161 /* RxSwift in Frameworks */ = {isa = PBXBuildFile; productRef = 157079AB292BAD0500E48161 /* RxSwift */; };
		157079AE292BAD0500E48161 /* RxTest in Frameworks */ = {isa = PBXBuildFile; productRef = 157079AD292BAD0500E48161 /* RxTest */; };
		159E750A292A6B6A001B8685 /* RepositoryDetailCoordinatyor.swift in Sources */ = {isa = PBXBuildFile; fileRef = 159E7509292A6B6A001B8685 /* RepositoryDetailCoordinatyor.swift */; };
		159E750D292A6B96001B8685 /* Coordinator.swift in Sources */ = {isa = PBXBuildFile; fileRef = 159E750C292A6B96001B8685 /* Coordinator.swift */; };
		159E7510292A710C001B8685 /* RepositoryListCoordinator.swift in Sources */ = {isa = PBXBuildFile; fileRef = 159E750F292A710C001B8685 /* RepositoryListCoordinator.swift */; };
		159E7512292A7B6D001B8685 /* ApplicationCoordinator.swift in Sources */ = {isa = PBXBuildFile; fileRef = 159E7511292A7B6D001B8685 /* ApplicationCoordinator.swift */; };
		15A457C3293A1E67002068F9 /* iOSSnapshotTestCase in Frameworks */ = {isa = PBXBuildFile; productRef = 15A457C2293A1E67002068F9 /* iOSSnapshotTestCase */; };
		15A457C8293A26FE002068F9 /* RepositoryListViewControllerSnapshotTests.swift in Sources */ = {isa = PBXBuildFile; fileRef = 15A457C7293A26FE002068F9 /* RepositoryListViewControllerSnapshotTests.swift */; };
		15A457CB293A277C002068F9 /* FBSnapshotTestCase+verify.swift in Sources */ = {isa = PBXBuildFile; fileRef = 15A457CA293A277C002068F9 /* FBSnapshotTestCase+verify.swift */; };
		15A457CE293A2EFD002068F9 /* RequestMock.swift in Sources */ = {isa = PBXBuildFile; fileRef = 15A457CD293A2EFD002068F9 /* RequestMock.swift */; };
		15C158B3292F8B7400BA5710 /* Differentiator in Frameworks */ = {isa = PBXBuildFile; productRef = 15C158B2292F8B7400BA5710 /* Differentiator */; };
		15C158B5292F8B7400BA5710 /* RxDataSources in Frameworks */ = {isa = PBXBuildFile; productRef = 15C158B4292F8B7400BA5710 /* RxDataSources */; };
		15CA1104292CF59400941B76 /* RequestAction.swift in Sources */ = {isa = PBXBuildFile; fileRef = 15CA1103292CF59400941B76 /* RequestAction.swift */; };
		15CA1108292CF78B00941B76 /* LoadingState.swift in Sources */ = {isa = PBXBuildFile; fileRef = 15CA1107292CF78B00941B76 /* LoadingState.swift */; };
		15CA110A292CF81000941B76 /* Reducible.swift in Sources */ = {isa = PBXBuildFile; fileRef = 15CA1109292CF81000941B76 /* Reducible.swift */; };
		15CA110C292CF8D100941B76 /* Event.swift in Sources */ = {isa = PBXBuildFile; fileRef = 15CA110B292CF8D100941B76 /* Event.swift */; };
		15CA1110292D02EB00941B76 /* RequestThunkCreator.swift in Sources */ = {isa = PBXBuildFile; fileRef = 15CA110F292D02EB00941B76 /* RequestThunkCreator.swift */; };
		15CA1113292D237000941B76 /* RxStore.swift in Sources */ = {isa = PBXBuildFile; fileRef = 15CA1112292D237000941B76 /* RxStore.swift */; };
		15CA1117292DC41600941B76 /* AnyRequest.swift in Sources */ = {isa = PBXBuildFile; fileRef = 15CA1116292DC41600941B76 /* AnyRequest.swift */; };
		15CA1119292DC5B100941B76 /* RepositoryListThunkCreator.swift in Sources */ = {isa = PBXBuildFile; fileRef = 15CA1118292DC5B100941B76 /* RepositoryListThunkCreator.swift */; };
		15CA111B292DC6D800941B76 /* RepositoryListState.swift in Sources */ = {isa = PBXBuildFile; fileRef = 15CA111A292DC6D800941B76 /* RepositoryListState.swift */; };
		15CA111E292DD48E00941B76 /* RxSwiftExt in Frameworks */ = {isa = PBXBuildFile; productRef = 15CA111D292DD48E00941B76 /* RxSwiftExt */; };
		15CD71832928A80200CF2A10 /* StoryboardScenes.swift in Sources */ = {isa = PBXBuildFile; fileRef = 15CD71822928A80200CF2A10 /* StoryboardScenes.swift */; };
		15CD71852928A80D00CF2A10 /* Segues.swift in Sources */ = {isa = PBXBuildFile; fileRef = 15CD71842928A80D00CF2A10 /* Segues.swift */; };
		15CD71872928AB6200CF2A10 /* RepositoryDetail.storyboard in Resources */ = {isa = PBXBuildFile; fileRef = 15CD71862928AB6200CF2A10 /* RepositoryDetail.storyboard */; };
		15CD718A2928BF2700CF2A10 /* DependencyInjectable.swift in Sources */ = {isa = PBXBuildFile; fileRef = 15CD71892928BF2700CF2A10 /* DependencyInjectable.swift */; };
		15CFE73729310DAA00A550A0 /* RepositoryDetailState.swift in Sources */ = {isa = PBXBuildFile; fileRef = 15CFE73629310DAA00A550A0 /* RepositoryDetailState.swift */; };
		15CFE73A29333EDA00A550A0 /* RepositoryListStoreTests.swift in Sources */ = {isa = PBXBuildFile; fileRef = 15CFE73929333EDA00A550A0 /* RepositoryListStoreTests.swift */; };
		15E143C6291FA70500D980A3 /* Kingfisher in Frameworks */ = {isa = PBXBuildFile; productRef = 15E143C5291FA70500D980A3 /* Kingfisher */; };
		15E143CA291FF01A00D980A3 /* Requestable.swift in Sources */ = {isa = PBXBuildFile; fileRef = 15E143C9291FF01A00D980A3 /* Requestable.swift */; };
		15E143CC291FF05900D980A3 /* Parameterizable.swift in Sources */ = {isa = PBXBuildFile; fileRef = 15E143CB291FF05900D980A3 /* Parameterizable.swift */; };
		15E143D22920CD3400D980A3 /* APIClientError.swift in Sources */ = {isa = PBXBuildFile; fileRef = 15E143D12920CD3400D980A3 /* APIClientError.swift */; };
		15E143D52920CFA700D980A3 /* SearchGitHubRepositoryParameter.swift in Sources */ = {isa = PBXBuildFile; fileRef = 15E143D42920CFA700D980A3 /* SearchGitHubRepositoryParameter.swift */; };
		15E143D72920D40200D980A3 /* SearchGitHubRepositoryRequest.swift in Sources */ = {isa = PBXBuildFile; fileRef = 15E143D62920D40200D980A3 /* SearchGitHubRepositoryRequest.swift */; };
		15E143DA2920E5D900D980A3 /* GitHubRepositoryData.swift in Sources */ = {isa = PBXBuildFile; fileRef = 15E143D92920E5D900D980A3 /* GitHubRepositoryData.swift */; };
		15E143DC2920E78D00D980A3 /* Owner.swift in Sources */ = {isa = PBXBuildFile; fileRef = 15E143DB2920E78D00D980A3 /* Owner.swift */; };
		15E143DE2920E87400D980A3 /* Responsible.swift in Sources */ = {isa = PBXBuildFile; fileRef = 15E143DD2920E87400D980A3 /* Responsible.swift */; };
		15E143E02920EA2F00D980A3 /* SearchGitHubRepositoryResponse.swift in Sources */ = {isa = PBXBuildFile; fileRef = 15E143DF2920EA2F00D980A3 /* SearchGitHubRepositoryResponse.swift */; };
		BF0A658D244F2A3B00280FA6 /* RepositoryDetailViewController.swift in Sources */ = {isa = PBXBuildFile; fileRef = BF0A658C244F2A3B00280FA6 /* RepositoryDetailViewController.swift */; };
		BFD945DF244DC5E80012785A /* AppDelegate.swift in Sources */ = {isa = PBXBuildFile; fileRef = BFD945DE244DC5E80012785A /* AppDelegate.swift */; };
		BFD945E1244DC5E80012785A /* SceneDelegate.swift in Sources */ = {isa = PBXBuildFile; fileRef = BFD945E0244DC5E80012785A /* SceneDelegate.swift */; };
		BFD945E3244DC5E80012785A /* RepositoryListViewController.swift in Sources */ = {isa = PBXBuildFile; fileRef = BFD945E2244DC5E80012785A /* RepositoryListViewController.swift */; };
		BFD945E6244DC5E80012785A /* RepositoryList.storyboard in Resources */ = {isa = PBXBuildFile; fileRef = BFD945E4244DC5E80012785A /* RepositoryList.storyboard */; };
		BFD945E8244DC5EB0012785A /* Assets.xcassets in Resources */ = {isa = PBXBuildFile; fileRef = BFD945E7244DC5EB0012785A /* Assets.xcassets */; };
		BFD945EB244DC5EB0012785A /* LaunchScreen.storyboard in Resources */ = {isa = PBXBuildFile; fileRef = BFD945E9244DC5EB0012785A /* LaunchScreen.storyboard */; };
		BFD94601244DC5EC0012785A /* iOSEngineerCodeCheckUITests.swift in Sources */ = {isa = PBXBuildFile; fileRef = BFD94600244DC5EC0012785A /* iOSEngineerCodeCheckUITests.swift */; };
/* End PBXBuildFile section */

/* Begin PBXContainerItemProxy section */
		BFD945F2244DC5EB0012785A /* PBXContainerItemProxy */ = {
			isa = PBXContainerItemProxy;
			containerPortal = BFD945D3244DC5E80012785A /* Project object */;
			proxyType = 1;
			remoteGlobalIDString = BFD945DA244DC5E80012785A;
			remoteInfo = iOSEngineerCodeCheck;
		};
		BFD945FD244DC5EB0012785A /* PBXContainerItemProxy */ = {
			isa = PBXContainerItemProxy;
			containerPortal = BFD945D3244DC5E80012785A /* Project object */;
			proxyType = 1;
			remoteGlobalIDString = BFD945DA244DC5E80012785A;
			remoteInfo = iOSEngineerCodeCheck;
		};
/* End PBXContainerItemProxy section */

/* Begin PBXFileReference section */
		159E7509292A6B6A001B8685 /* RepositoryDetailCoordinatyor.swift */ = {isa = PBXFileReference; lastKnownFileType = sourcecode.swift; path = RepositoryDetailCoordinatyor.swift; sourceTree = "<group>"; };
		159E750C292A6B96001B8685 /* Coordinator.swift */ = {isa = PBXFileReference; lastKnownFileType = sourcecode.swift; path = Coordinator.swift; sourceTree = "<group>"; };
		159E750F292A710C001B8685 /* RepositoryListCoordinator.swift */ = {isa = PBXFileReference; lastKnownFileType = sourcecode.swift; path = RepositoryListCoordinator.swift; sourceTree = "<group>"; };
		159E7511292A7B6D001B8685 /* ApplicationCoordinator.swift */ = {isa = PBXFileReference; lastKnownFileType = sourcecode.swift; path = ApplicationCoordinator.swift; sourceTree = "<group>"; };
		15A457C7293A26FE002068F9 /* RepositoryListViewControllerSnapshotTests.swift */ = {isa = PBXFileReference; lastKnownFileType = sourcecode.swift; path = RepositoryListViewControllerSnapshotTests.swift; sourceTree = "<group>"; };
		15A457CA293A277C002068F9 /* FBSnapshotTestCase+verify.swift */ = {isa = PBXFileReference; lastKnownFileType = sourcecode.swift; path = "FBSnapshotTestCase+verify.swift"; sourceTree = "<group>"; };
		15A457CD293A2EFD002068F9 /* RequestMock.swift */ = {isa = PBXFileReference; lastKnownFileType = sourcecode.swift; path = RequestMock.swift; sourceTree = "<group>"; };
		15CA1103292CF59400941B76 /* RequestAction.swift */ = {isa = PBXFileReference; lastKnownFileType = sourcecode.swift; path = RequestAction.swift; sourceTree = "<group>"; };
		15CA1107292CF78B00941B76 /* LoadingState.swift */ = {isa = PBXFileReference; lastKnownFileType = sourcecode.swift; path = LoadingState.swift; sourceTree = "<group>"; };
		15CA1109292CF81000941B76 /* Reducible.swift */ = {isa = PBXFileReference; lastKnownFileType = sourcecode.swift; path = Reducible.swift; sourceTree = "<group>"; };
		15CA110B292CF8D100941B76 /* Event.swift */ = {isa = PBXFileReference; lastKnownFileType = sourcecode.swift; path = Event.swift; sourceTree = "<group>"; };
		15CA110F292D02EB00941B76 /* RequestThunkCreator.swift */ = {isa = PBXFileReference; lastKnownFileType = sourcecode.swift; path = RequestThunkCreator.swift; sourceTree = "<group>"; };
		15CA1112292D237000941B76 /* RxStore.swift */ = {isa = PBXFileReference; lastKnownFileType = sourcecode.swift; path = RxStore.swift; sourceTree = "<group>"; };
		15CA1116292DC41600941B76 /* AnyRequest.swift */ = {isa = PBXFileReference; lastKnownFileType = sourcecode.swift; path = AnyRequest.swift; sourceTree = "<group>"; };
		15CA1118292DC5B100941B76 /* RepositoryListThunkCreator.swift */ = {isa = PBXFileReference; lastKnownFileType = sourcecode.swift; path = RepositoryListThunkCreator.swift; sourceTree = "<group>"; };
		15CA111A292DC6D800941B76 /* RepositoryListState.swift */ = {isa = PBXFileReference; lastKnownFileType = sourcecode.swift; path = RepositoryListState.swift; sourceTree = "<group>"; };
		15CD71822928A80200CF2A10 /* StoryboardScenes.swift */ = {isa = PBXFileReference; fileEncoding = 4; lastKnownFileType = sourcecode.swift; path = StoryboardScenes.swift; sourceTree = "<group>"; };
		15CD71842928A80D00CF2A10 /* Segues.swift */ = {isa = PBXFileReference; fileEncoding = 4; lastKnownFileType = sourcecode.swift; path = Segues.swift; sourceTree = "<group>"; };
		15CD71862928AB6200CF2A10 /* RepositoryDetail.storyboard */ = {isa = PBXFileReference; lastKnownFileType = file.storyboard; path = RepositoryDetail.storyboard; sourceTree = "<group>"; };
		15CD71892928BF2700CF2A10 /* DependencyInjectable.swift */ = {isa = PBXFileReference; lastKnownFileType = sourcecode.swift; path = DependencyInjectable.swift; sourceTree = "<group>"; };
		15CFE73629310DAA00A550A0 /* RepositoryDetailState.swift */ = {isa = PBXFileReference; lastKnownFileType = sourcecode.swift; path = RepositoryDetailState.swift; sourceTree = "<group>"; };
		15CFE73929333EDA00A550A0 /* RepositoryListStoreTests.swift */ = {isa = PBXFileReference; lastKnownFileType = sourcecode.swift; path = RepositoryListStoreTests.swift; sourceTree = "<group>"; };
		15E143C9291FF01A00D980A3 /* Requestable.swift */ = {isa = PBXFileReference; lastKnownFileType = sourcecode.swift; path = Requestable.swift; sourceTree = "<group>"; };
		15E143CB291FF05900D980A3 /* Parameterizable.swift */ = {isa = PBXFileReference; lastKnownFileType = sourcecode.swift; path = Parameterizable.swift; sourceTree = "<group>"; };
		15E143D12920CD3400D980A3 /* APIClientError.swift */ = {isa = PBXFileReference; lastKnownFileType = sourcecode.swift; path = APIClientError.swift; sourceTree = "<group>"; };
		15E143D42920CFA700D980A3 /* SearchGitHubRepositoryParameter.swift */ = {isa = PBXFileReference; lastKnownFileType = sourcecode.swift; path = SearchGitHubRepositoryParameter.swift; sourceTree = "<group>"; };
		15E143D62920D40200D980A3 /* SearchGitHubRepositoryRequest.swift */ = {isa = PBXFileReference; lastKnownFileType = sourcecode.swift; path = SearchGitHubRepositoryRequest.swift; sourceTree = "<group>"; };
		15E143D92920E5D900D980A3 /* GitHubRepositoryData.swift */ = {isa = PBXFileReference; lastKnownFileType = sourcecode.swift; path = GitHubRepositoryData.swift; sourceTree = "<group>"; };
		15E143DB2920E78D00D980A3 /* Owner.swift */ = {isa = PBXFileReference; lastKnownFileType = sourcecode.swift; path = Owner.swift; sourceTree = "<group>"; };
		15E143DD2920E87400D980A3 /* Responsible.swift */ = {isa = PBXFileReference; lastKnownFileType = sourcecode.swift; path = Responsible.swift; sourceTree = "<group>"; };
		15E143DF2920EA2F00D980A3 /* SearchGitHubRepositoryResponse.swift */ = {isa = PBXFileReference; lastKnownFileType = sourcecode.swift; path = SearchGitHubRepositoryResponse.swift; sourceTree = "<group>"; };
		BF0A658C244F2A3B00280FA6 /* RepositoryDetailViewController.swift */ = {isa = PBXFileReference; lastKnownFileType = sourcecode.swift; path = RepositoryDetailViewController.swift; sourceTree = "<group>"; };
		BFD945DB244DC5E80012785A /* iOSEngineerCodeCheck.app */ = {isa = PBXFileReference; explicitFileType = wrapper.application; includeInIndex = 0; path = iOSEngineerCodeCheck.app; sourceTree = BUILT_PRODUCTS_DIR; };
		BFD945DE244DC5E80012785A /* AppDelegate.swift */ = {isa = PBXFileReference; lastKnownFileType = sourcecode.swift; path = AppDelegate.swift; sourceTree = "<group>"; };
		BFD945E0244DC5E80012785A /* SceneDelegate.swift */ = {isa = PBXFileReference; lastKnownFileType = sourcecode.swift; path = SceneDelegate.swift; sourceTree = "<group>"; };
		BFD945E2244DC5E80012785A /* RepositoryListViewController.swift */ = {isa = PBXFileReference; lastKnownFileType = sourcecode.swift; path = RepositoryListViewController.swift; sourceTree = "<group>"; };
		BFD945E5244DC5E80012785A /* Base */ = {isa = PBXFileReference; lastKnownFileType = file.storyboard; name = Base; path = Base.lproj/RepositoryList.storyboard; sourceTree = "<group>"; };
		BFD945E7244DC5EB0012785A /* Assets.xcassets */ = {isa = PBXFileReference; lastKnownFileType = folder.assetcatalog; path = Assets.xcassets; sourceTree = "<group>"; };
		BFD945EA244DC5EB0012785A /* Base */ = {isa = PBXFileReference; lastKnownFileType = file.storyboard; name = Base; path = Base.lproj/LaunchScreen.storyboard; sourceTree = "<group>"; };
		BFD945EC244DC5EB0012785A /* Info.plist */ = {isa = PBXFileReference; lastKnownFileType = text.plist.xml; path = Info.plist; sourceTree = "<group>"; };
		BFD945F1244DC5EB0012785A /* iOSEngineerCodeCheckTests.xctest */ = {isa = PBXFileReference; explicitFileType = wrapper.cfbundle; includeInIndex = 0; path = iOSEngineerCodeCheckTests.xctest; sourceTree = BUILT_PRODUCTS_DIR; };
		BFD945F7244DC5EB0012785A /* Info.plist */ = {isa = PBXFileReference; lastKnownFileType = text.plist.xml; path = Info.plist; sourceTree = "<group>"; };
		BFD945FC244DC5EB0012785A /* iOSEngineerCodeCheckUITests.xctest */ = {isa = PBXFileReference; explicitFileType = wrapper.cfbundle; includeInIndex = 0; path = iOSEngineerCodeCheckUITests.xctest; sourceTree = BUILT_PRODUCTS_DIR; };
		BFD94600244DC5EC0012785A /* iOSEngineerCodeCheckUITests.swift */ = {isa = PBXFileReference; lastKnownFileType = sourcecode.swift; path = iOSEngineerCodeCheckUITests.swift; sourceTree = "<group>"; };
		BFD94602244DC5EC0012785A /* Info.plist */ = {isa = PBXFileReference; lastKnownFileType = text.plist.xml; path = Info.plist; sourceTree = "<group>"; };
/* End PBXFileReference section */

/* Begin PBXFrameworksBuildPhase section */
		BFD945D8244DC5E80012785A /* Frameworks */ = {
			isa = PBXFrameworksBuildPhase;
			buildActionMask = 2147483647;
			files = (
				157079AC292BAD0500E48161 /* RxSwift in Frameworks */,
				157079AA292BAD0500E48161 /* RxRelay in Frameworks */,
				15E143C6291FA70500D980A3 /* Kingfisher in Frameworks */,
				1570797F292BA9EB00E48161 /* ReSwift in Frameworks */,
				15C158B3292F8B7400BA5710 /* Differentiator in Frameworks */,
				157079A8292BAD0500E48161 /* RxCocoa in Frameworks */,
				15C158B5292F8B7400BA5710 /* RxDataSources in Frameworks */,
				15CA111E292DD48E00941B76 /* RxSwiftExt in Frameworks */,
				15707982292BAA4700E48161 /* ReSwiftThunk in Frameworks */,
			);
			runOnlyForDeploymentPostprocessing = 0;
		};
		BFD945EE244DC5EB0012785A /* Frameworks */ = {
			isa = PBXFrameworksBuildPhase;
			buildActionMask = 2147483647;
			files = (
				157079AE292BAD0500E48161 /* RxTest in Frameworks */,
				15A457C3293A1E67002068F9 /* iOSSnapshotTestCase in Frameworks */,
				157079A6292BAD0500E48161 /* RxBlocking in Frameworks */,
			);
			runOnlyForDeploymentPostprocessing = 0;
		};
		BFD945F9244DC5EB0012785A /* Frameworks */ = {
			isa = PBXFrameworksBuildPhase;
			buildActionMask = 2147483647;
			files = (
			);
			runOnlyForDeploymentPostprocessing = 0;
		};
/* End PBXFrameworksBuildPhase section */

/* Begin PBXGroup section */
		159E750B292A6B81001B8685 /* Protocol */ = {
			isa = PBXGroup;
			children = (
				159E750C292A6B96001B8685 /* Coordinator.swift */,
			);
			path = Protocol;
			sourceTree = "<group>";
		};
		159E750E292A6FD6001B8685 /* RepositoryList */ = {
			isa = PBXGroup;
			children = (
				BFD945E2244DC5E80012785A /* RepositoryListViewController.swift */,
				BFD945E4244DC5E80012785A /* RepositoryList.storyboard */,
				159E750F292A710C001B8685 /* RepositoryListCoordinator.swift */,
			);
			path = RepositoryList;
			sourceTree = "<group>";
		};
		15A457C4293A2328002068F9 /* Snapshot */ = {
			isa = PBXGroup;
			children = (
				15A457C9293A273D002068F9 /* Extension */,
				15A457C7293A26FE002068F9 /* RepositoryListViewControllerSnapshotTests.swift */,
			);
			path = Snapshot;
			sourceTree = "<group>";
		};
		15A457C9293A273D002068F9 /* Extension */ = {
			isa = PBXGroup;
			children = (
				15A457CA293A277C002068F9 /* FBSnapshotTestCase+verify.swift */,
			);
			path = Extension;
			sourceTree = "<group>";
		};
		15A457CC293A2EDF002068F9 /* Mock */ = {
			isa = PBXGroup;
			children = (
				15A457CD293A2EFD002068F9 /* RequestMock.swift */,
			);
			path = Mock;
			sourceTree = "<group>";
		};
		15CA1100292CF4F000941B76 /* Redux */ = {
			isa = PBXGroup;
			children = (
				15CA1111292D235B00941B76 /* Store */,
				15CA110D292D02C300941B76 /* ActionCreator */,
				15CA1105292CF76400941B76 /* State */,
				15CA1101292CF57600941B76 /* Action */,
			);
			path = Redux;
			sourceTree = "<group>";
		};
		15CA1101292CF57600941B76 /* Action */ = {
			isa = PBXGroup;
			children = (
				15CA1102292CF58100941B76 /* Common */,
			);
			path = Action;
			sourceTree = "<group>";
		};
		15CA1102292CF58100941B76 /* Common */ = {
			isa = PBXGroup;
			children = (
				15CA1103292CF59400941B76 /* RequestAction.swift */,
			);
			path = Common;
			sourceTree = "<group>";
		};
		15CA1105292CF76400941B76 /* State */ = {
			isa = PBXGroup;
			children = (
				15CA1106292CF77200941B76 /* Common */,
				15CA111A292DC6D800941B76 /* RepositoryListState.swift */,
				15CFE73629310DAA00A550A0 /* RepositoryDetailState.swift */,
			);
			path = State;
			sourceTree = "<group>";
		};
		15CA1106292CF77200941B76 /* Common */ = {
			isa = PBXGroup;
			children = (
				15CA1107292CF78B00941B76 /* LoadingState.swift */,
				15CA1109292CF81000941B76 /* Reducible.swift */,
				15CA110B292CF8D100941B76 /* Event.swift */,
			);
			path = Common;
			sourceTree = "<group>";
		};
		15CA110D292D02C300941B76 /* ActionCreator */ = {
			isa = PBXGroup;
			children = (
				15CA110E292D02D400941B76 /* Common */,
				15CA1118292DC5B100941B76 /* RepositoryListThunkCreator.swift */,
			);
			path = ActionCreator;
			sourceTree = "<group>";
		};
		15CA110E292D02D400941B76 /* Common */ = {
			isa = PBXGroup;
			children = (
				15CA110F292D02EB00941B76 /* RequestThunkCreator.swift */,
			);
			path = Common;
			sourceTree = "<group>";
		};
		15CA1111292D235B00941B76 /* Store */ = {
			isa = PBXGroup;
			children = (
				15CA1112292D237000941B76 /* RxStore.swift */,
			);
			path = Store;
			sourceTree = "<group>";
		};
		15CD71802928A52B00CF2A10 /* Generated */ = {
			isa = PBXGroup;
			children = (
				15CD71842928A80D00CF2A10 /* Segues.swift */,
				15CD71822928A80200CF2A10 /* StoryboardScenes.swift */,
			);
			path = Generated;
			sourceTree = "<group>";
		};
		15CD71882928BF1100CF2A10 /* DI */ = {
			isa = PBXGroup;
			children = (
				15CD71892928BF2700CF2A10 /* DependencyInjectable.swift */,
			);
			path = DI;
			sourceTree = "<group>";
		};
		15CD718B2928BFD300CF2A10 /* UserInterface */ = {
			isa = PBXGroup;
			children = (
				159E750E292A6FD6001B8685 /* RepositoryList */,
				15CD718C2928BFEA00CF2A10 /* RepositoryDetail */,
			);
			path = UserInterface;
			sourceTree = "<group>";
		};
		15CD718C2928BFEA00CF2A10 /* RepositoryDetail */ = {
			isa = PBXGroup;
			children = (
				BF0A658C244F2A3B00280FA6 /* RepositoryDetailViewController.swift */,
				15CD71862928AB6200CF2A10 /* RepositoryDetail.storyboard */,
				159E7509292A6B6A001B8685 /* RepositoryDetailCoordinatyor.swift */,
			);
			path = RepositoryDetail;
			sourceTree = "<group>";
		};
		15CFE73829333CA400A550A0 /* Store */ = {
			isa = PBXGroup;
			children = (
				15CFE73929333EDA00A550A0 /* RepositoryListStoreTests.swift */,
			);
			path = Store;
			sourceTree = "<group>";
		};
		15E143C7291FE19D00D980A3 /* Repository */ = {
			isa = PBXGroup;
			children = (
				15E143C8291FE26B00D980A3 /* HttpRequest */,
			);
			path = Repository;
			sourceTree = "<group>";
		};
		15E143C8291FE26B00D980A3 /* HttpRequest */ = {
			isa = PBXGroup;
			children = (
				15E143D32920CF5C00D980A3 /* SearchGitHubRepository */,
				15E143C9291FF01A00D980A3 /* Requestable.swift */,
				15E143CB291FF05900D980A3 /* Parameterizable.swift */,
				15E143D12920CD3400D980A3 /* APIClientError.swift */,
				15E143DD2920E87400D980A3 /* Responsible.swift */,
				15CA1116292DC41600941B76 /* AnyRequest.swift */,
			);
			path = HttpRequest;
			sourceTree = "<group>";
		};
		15E143D32920CF5C00D980A3 /* SearchGitHubRepository */ = {
			isa = PBXGroup;
			children = (
				15E143D42920CFA700D980A3 /* SearchGitHubRepositoryParameter.swift */,
				15E143D62920D40200D980A3 /* SearchGitHubRepositoryRequest.swift */,
				15E143DF2920EA2F00D980A3 /* SearchGitHubRepositoryResponse.swift */,
			);
			path = SearchGitHubRepository;
			sourceTree = "<group>";
		};
		15E143D82920E59200D980A3 /* Entity */ = {
			isa = PBXGroup;
			children = (
				15E143D92920E5D900D980A3 /* GitHubRepositoryData.swift */,
				15E143DB2920E78D00D980A3 /* Owner.swift */,
			);
			path = Entity;
			sourceTree = "<group>";
		};
		BFD945D2244DC5E80012785A = {
			isa = PBXGroup;
			children = (
				BFD945DD244DC5E80012785A /* iOSEngineerCodeCheck */,
				BFD945F4244DC5EB0012785A /* iOSEngineerCodeCheckTests */,
				BFD945FF244DC5EB0012785A /* iOSEngineerCodeCheckUITests */,
				BFD945DC244DC5E80012785A /* Products */,
			);
			sourceTree = "<group>";
		};
		BFD945DC244DC5E80012785A /* Products */ = {
			isa = PBXGroup;
			children = (
				BFD945DB244DC5E80012785A /* iOSEngineerCodeCheck.app */,
				BFD945F1244DC5EB0012785A /* iOSEngineerCodeCheckTests.xctest */,
				BFD945FC244DC5EB0012785A /* iOSEngineerCodeCheckUITests.xctest */,
			);
			name = Products;
			sourceTree = "<group>";
		};
		BFD945DD244DC5E80012785A /* iOSEngineerCodeCheck */ = {
			isa = PBXGroup;
			children = (
				15CA1100292CF4F000941B76 /* Redux */,
				159E750B292A6B81001B8685 /* Protocol */,
				15CD718B2928BFD300CF2A10 /* UserInterface */,
				15CD71882928BF1100CF2A10 /* DI */,
				15CD71802928A52B00CF2A10 /* Generated */,
				15E143D82920E59200D980A3 /* Entity */,
				15E143C7291FE19D00D980A3 /* Repository */,
				BFD945DE244DC5E80012785A /* AppDelegate.swift */,
				BFD945E0244DC5E80012785A /* SceneDelegate.swift */,
				BFD945E7244DC5EB0012785A /* Assets.xcassets */,
				BFD945E9244DC5EB0012785A /* LaunchScreen.storyboard */,
				BFD945EC244DC5EB0012785A /* Info.plist */,
				159E7511292A7B6D001B8685 /* ApplicationCoordinator.swift */,
			);
			path = iOSEngineerCodeCheck;
			sourceTree = "<group>";
		};
		BFD945F4244DC5EB0012785A /* iOSEngineerCodeCheckTests */ = {
			isa = PBXGroup;
			children = (
				15A457CC293A2EDF002068F9 /* Mock */,
				15A457C4293A2328002068F9 /* Snapshot */,
				15CFE73829333CA400A550A0 /* Store */,
				BFD945F7244DC5EB0012785A /* Info.plist */,
			);
			path = iOSEngineerCodeCheckTests;
			sourceTree = "<group>";
		};
		BFD945FF244DC5EB0012785A /* iOSEngineerCodeCheckUITests */ = {
			isa = PBXGroup;
			children = (
				BFD94600244DC5EC0012785A /* iOSEngineerCodeCheckUITests.swift */,
				BFD94602244DC5EC0012785A /* Info.plist */,
			);
			path = iOSEngineerCodeCheckUITests;
			sourceTree = "<group>";
		};
/* End PBXGroup section */

/* Begin PBXNativeTarget section */
		BFD945DA244DC5E80012785A /* iOSEngineerCodeCheck */ = {
			isa = PBXNativeTarget;
			buildConfigurationList = BFD94605244DC5EC0012785A /* Build configuration list for PBXNativeTarget "iOSEngineerCodeCheck" */;
			buildPhases = (
				15CD71812928A56900CF2A10 /* SwiftGen */,
				BFD945D7244DC5E80012785A /* Sources */,
				BFD945D8244DC5E80012785A /* Frameworks */,
				BFD945D9244DC5E80012785A /* Resources */,
				159DC3D6291759C40071794E /* SwiftLint */,
			);
			buildRules = (
			);
			dependencies = (
			);
			name = iOSEngineerCodeCheck;
			packageProductDependencies = (
				15E143C5291FA70500D980A3 /* Kingfisher */,
				1570797E292BA9EB00E48161 /* ReSwift */,
				15707981292BAA4700E48161 /* ReSwiftThunk */,
				157079A7292BAD0500E48161 /* RxCocoa */,
				157079A9292BAD0500E48161 /* RxRelay */,
				157079AB292BAD0500E48161 /* RxSwift */,
				15CA111D292DD48E00941B76 /* RxSwiftExt */,
				15C158B2292F8B7400BA5710 /* Differentiator */,
				15C158B4292F8B7400BA5710 /* RxDataSources */,
			);
			productName = iOSEngineerCodeCheck;
			productReference = BFD945DB244DC5E80012785A /* iOSEngineerCodeCheck.app */;
			productType = "com.apple.product-type.application";
		};
		BFD945F0244DC5EB0012785A /* iOSEngineerCodeCheckTests */ = {
			isa = PBXNativeTarget;
			buildConfigurationList = BFD94608244DC5EC0012785A /* Build configuration list for PBXNativeTarget "iOSEngineerCodeCheckTests" */;
			buildPhases = (
				BFD945ED244DC5EB0012785A /* Sources */,
				BFD945EE244DC5EB0012785A /* Frameworks */,
				BFD945EF244DC5EB0012785A /* Resources */,
			);
			buildRules = (
			);
			dependencies = (
				BFD945F3244DC5EB0012785A /* PBXTargetDependency */,
			);
			name = iOSEngineerCodeCheckTests;
			packageProductDependencies = (
				157079A5292BAD0500E48161 /* RxBlocking */,
				157079AD292BAD0500E48161 /* RxTest */,
				15A457C2293A1E67002068F9 /* iOSSnapshotTestCase */,
			);
			productName = iOSEngineerCodeCheckTests;
			productReference = BFD945F1244DC5EB0012785A /* iOSEngineerCodeCheckTests.xctest */;
			productType = "com.apple.product-type.bundle.unit-test";
		};
		BFD945FB244DC5EB0012785A /* iOSEngineerCodeCheckUITests */ = {
			isa = PBXNativeTarget;
			buildConfigurationList = BFD9460B244DC5EC0012785A /* Build configuration list for PBXNativeTarget "iOSEngineerCodeCheckUITests" */;
			buildPhases = (
				BFD945F8244DC5EB0012785A /* Sources */,
				BFD945F9244DC5EB0012785A /* Frameworks */,
				BFD945FA244DC5EB0012785A /* Resources */,
			);
			buildRules = (
			);
			dependencies = (
				BFD945FE244DC5EB0012785A /* PBXTargetDependency */,
			);
			name = iOSEngineerCodeCheckUITests;
			productName = iOSEngineerCodeCheckUITests;
			productReference = BFD945FC244DC5EB0012785A /* iOSEngineerCodeCheckUITests.xctest */;
			productType = "com.apple.product-type.bundle.ui-testing";
		};
/* End PBXNativeTarget section */

/* Begin PBXProject section */
		BFD945D3244DC5E80012785A /* Project object */ = {
			isa = PBXProject;
			attributes = {
				LastSwiftUpdateCheck = 1300;
				LastUpgradeCheck = 1300;
				ORGANIZATIONNAME = "YUMEMI Inc.";
				TargetAttributes = {
					BFD945DA244DC5E80012785A = {
						CreatedOnToolsVersion = 11.4.1;
					};
					BFD945F0244DC5EB0012785A = {
						CreatedOnToolsVersion = 11.4.1;
						TestTargetID = BFD945DA244DC5E80012785A;
					};
					BFD945FB244DC5EB0012785A = {
						CreatedOnToolsVersion = 11.4.1;
						TestTargetID = BFD945DA244DC5E80012785A;
					};
				};
			};
			buildConfigurationList = BFD945D6244DC5E80012785A /* Build configuration list for PBXProject "iOSEngineerCodeCheck" */;
			compatibilityVersion = "Xcode 9.3";
			developmentRegion = en;
			hasScannedForEncodings = 0;
			knownRegions = (
				en,
				Base,
			);
			mainGroup = BFD945D2244DC5E80012785A;
			packageReferences = (
				15E143C4291FA70500D980A3 /* XCRemoteSwiftPackageReference "Kingfisher" */,
				1570797D292BA9EB00E48161 /* XCRemoteSwiftPackageReference "ReSwift" */,
				15707980292BAA4700E48161 /* XCRemoteSwiftPackageReference "ReSwift-Thunk" */,
				157079A4292BAD0500E48161 /* XCRemoteSwiftPackageReference "RxSwift" */,
				15CA111C292DD48E00941B76 /* XCRemoteSwiftPackageReference "RxSwiftExt" */,
				15C158B1292F8B7400BA5710 /* XCRemoteSwiftPackageReference "RxDataSources" */,
				15A457C1293A1E67002068F9 /* XCRemoteSwiftPackageReference "ios-snapshot-test-case" */,
			);
			productRefGroup = BFD945DC244DC5E80012785A /* Products */;
			projectDirPath = "";
			projectRoot = "";
			targets = (
				BFD945DA244DC5E80012785A /* iOSEngineerCodeCheck */,
				BFD945F0244DC5EB0012785A /* iOSEngineerCodeCheckTests */,
				BFD945FB244DC5EB0012785A /* iOSEngineerCodeCheckUITests */,
			);
		};
/* End PBXProject section */

/* Begin PBXResourcesBuildPhase section */
		BFD945D9244DC5E80012785A /* Resources */ = {
			isa = PBXResourcesBuildPhase;
			buildActionMask = 2147483647;
			files = (
				BFD945EB244DC5EB0012785A /* LaunchScreen.storyboard in Resources */,
				15CD71872928AB6200CF2A10 /* RepositoryDetail.storyboard in Resources */,
				BFD945E8244DC5EB0012785A /* Assets.xcassets in Resources */,
				BFD945E6244DC5E80012785A /* RepositoryList.storyboard in Resources */,
			);
			runOnlyForDeploymentPostprocessing = 0;
		};
		BFD945EF244DC5EB0012785A /* Resources */ = {
			isa = PBXResourcesBuildPhase;
			buildActionMask = 2147483647;
			files = (
			);
			runOnlyForDeploymentPostprocessing = 0;
		};
		BFD945FA244DC5EB0012785A /* Resources */ = {
			isa = PBXResourcesBuildPhase;
			buildActionMask = 2147483647;
			files = (
			);
			runOnlyForDeploymentPostprocessing = 0;
		};
/* End PBXResourcesBuildPhase section */

/* Begin PBXShellScriptBuildPhase section */
		159DC3D6291759C40071794E /* SwiftLint */ = {
			isa = PBXShellScriptBuildPhase;
			buildActionMask = 2147483647;
			files = (
			);
			inputFileListPaths = (
			);
			inputPaths = (
			);
			name = SwiftLint;
			outputFileListPaths = (
			);
			outputPaths = (
			);
			runOnlyForDeploymentPostprocessing = 0;
			shellPath = /bin/sh;
			shellScript = "if test -d /opt/homebrew/bin; then\n    PATH=/opt/homebrew/bin/:$PATH\nfi\nif which mint >/dev/null; then\n    mint run swiftlint\nelse\n    echo \"warning: Mint not installed, download from https://github.com/yonaskolb/Mint\"\nfi\n";
		};
		15CD71812928A56900CF2A10 /* SwiftGen */ = {
			isa = PBXShellScriptBuildPhase;
			buildActionMask = 2147483647;
			files = (
			);
			inputFileListPaths = (
			);
			inputPaths = (
			);
			name = SwiftGen;
			outputFileListPaths = (
			);
			outputPaths = (
				"$(SRCROOT)/iOSEngineerCodeCheck/Generated/StoryboardScenes.swift",
				"$(SRCROOT)/iOSEngineerCodeCheck/Generated/Segues.swift",
			);
			runOnlyForDeploymentPostprocessing = 0;
			shellPath = /bin/sh;
			shellScript = "if test -d /opt/homebrew/bin; then\n    PATH=/opt/homebrew/bin/:$PATH\nfi\nif which mint >/dev/null; then\n    mint run swiftgen config run --config ${PROJECT_DIR}/swiftgen.yml\nelse\n    echo \"warning: Mint not installed, download from https://github.com/yonaskolb/Mint\"\nfi\n";
		};
/* End PBXShellScriptBuildPhase section */

/* Begin PBXSourcesBuildPhase section */
		BFD945D7244DC5E80012785A /* Sources */ = {
			isa = PBXSourcesBuildPhase;
			buildActionMask = 2147483647;
			files = (
				15E143E02920EA2F00D980A3 /* SearchGitHubRepositoryResponse.swift in Sources */,
				15E143D72920D40200D980A3 /* SearchGitHubRepositoryRequest.swift in Sources */,
				159E7510292A710C001B8685 /* RepositoryListCoordinator.swift in Sources */,
				15E143CC291FF05900D980A3 /* Parameterizable.swift in Sources */,
				15CD71832928A80200CF2A10 /* StoryboardScenes.swift in Sources */,
				15E143DE2920E87400D980A3 /* Responsible.swift in Sources */,
				15CA1110292D02EB00941B76 /* RequestThunkCreator.swift in Sources */,
				15CD718A2928BF2700CF2A10 /* DependencyInjectable.swift in Sources */,
				15E143DA2920E5D900D980A3 /* GitHubRepositoryData.swift in Sources */,
				159E750A292A6B6A001B8685 /* RepositoryDetailCoordinatyor.swift in Sources */,
				15CA111B292DC6D800941B76 /* RepositoryListState.swift in Sources */,
				159E750D292A6B96001B8685 /* Coordinator.swift in Sources */,
				15CA1113292D237000941B76 /* RxStore.swift in Sources */,
				15CA110A292CF81000941B76 /* Reducible.swift in Sources */,
				15CFE73729310DAA00A550A0 /* RepositoryDetailState.swift in Sources */,
				15CA1108292CF78B00941B76 /* LoadingState.swift in Sources */,
				15CA1119292DC5B100941B76 /* RepositoryListThunkCreator.swift in Sources */,
				15E143D22920CD3400D980A3 /* APIClientError.swift in Sources */,
				15CD71852928A80D00CF2A10 /* Segues.swift in Sources */,
				15E143D52920CFA700D980A3 /* SearchGitHubRepositoryParameter.swift in Sources */,
				15E143CA291FF01A00D980A3 /* Requestable.swift in Sources */,
				15CA110C292CF8D100941B76 /* Event.swift in Sources */,
				BFD945E3244DC5E80012785A /* RepositoryListViewController.swift in Sources */,
				15CA1104292CF59400941B76 /* RequestAction.swift in Sources */,
				159E7512292A7B6D001B8685 /* ApplicationCoordinator.swift in Sources */,
				BF0A658D244F2A3B00280FA6 /* RepositoryDetailViewController.swift in Sources */,
				15CA1117292DC41600941B76 /* AnyRequest.swift in Sources */,
				15E143DC2920E78D00D980A3 /* Owner.swift in Sources */,
				BFD945DF244DC5E80012785A /* AppDelegate.swift in Sources */,
				BFD945E1244DC5E80012785A /* SceneDelegate.swift in Sources */,
			);
			runOnlyForDeploymentPostprocessing = 0;
		};
		BFD945ED244DC5EB0012785A /* Sources */ = {
			isa = PBXSourcesBuildPhase;
			buildActionMask = 2147483647;
			files = (
				15A457CB293A277C002068F9 /* FBSnapshotTestCase+verify.swift in Sources */,
				15A457C8293A26FE002068F9 /* RepositoryListViewControllerSnapshotTests.swift in Sources */,
				15CFE73A29333EDA00A550A0 /* RepositoryListStoreTests.swift in Sources */,
				15A457CE293A2EFD002068F9 /* RequestMock.swift in Sources */,
			);
			runOnlyForDeploymentPostprocessing = 0;
		};
		BFD945F8244DC5EB0012785A /* Sources */ = {
			isa = PBXSourcesBuildPhase;
			buildActionMask = 2147483647;
			files = (
				BFD94601244DC5EC0012785A /* iOSEngineerCodeCheckUITests.swift in Sources */,
			);
			runOnlyForDeploymentPostprocessing = 0;
		};
/* End PBXSourcesBuildPhase section */

/* Begin PBXTargetDependency section */
		BFD945F3244DC5EB0012785A /* PBXTargetDependency */ = {
			isa = PBXTargetDependency;
			target = BFD945DA244DC5E80012785A /* iOSEngineerCodeCheck */;
			targetProxy = BFD945F2244DC5EB0012785A /* PBXContainerItemProxy */;
		};
		BFD945FE244DC5EB0012785A /* PBXTargetDependency */ = {
			isa = PBXTargetDependency;
			target = BFD945DA244DC5E80012785A /* iOSEngineerCodeCheck */;
			targetProxy = BFD945FD244DC5EB0012785A /* PBXContainerItemProxy */;
		};
/* End PBXTargetDependency section */

/* Begin PBXVariantGroup section */
		BFD945E4244DC5E80012785A /* RepositoryList.storyboard */ = {
			isa = PBXVariantGroup;
			children = (
				BFD945E5244DC5E80012785A /* Base */,
			);
			name = RepositoryList.storyboard;
			sourceTree = "<group>";
		};
		BFD945E9244DC5EB0012785A /* LaunchScreen.storyboard */ = {
			isa = PBXVariantGroup;
			children = (
				BFD945EA244DC5EB0012785A /* Base */,
			);
			name = LaunchScreen.storyboard;
			sourceTree = "<group>";
		};
/* End PBXVariantGroup section */

/* Begin XCBuildConfiguration section */
		BFD94603244DC5EC0012785A /* Debug */ = {
			isa = XCBuildConfiguration;
			buildSettings = {
				ALWAYS_SEARCH_USER_PATHS = NO;
				CLANG_ANALYZER_NONNULL = YES;
				CLANG_ANALYZER_NUMBER_OBJECT_CONVERSION = YES_AGGRESSIVE;
				CLANG_CXX_LANGUAGE_STANDARD = "gnu++14";
				CLANG_CXX_LIBRARY = "libc++";
				CLANG_ENABLE_MODULES = YES;
				CLANG_ENABLE_OBJC_ARC = YES;
				CLANG_ENABLE_OBJC_WEAK = YES;
				CLANG_WARN_BLOCK_CAPTURE_AUTORELEASING = YES;
				CLANG_WARN_BOOL_CONVERSION = YES;
				CLANG_WARN_COMMA = YES;
				CLANG_WARN_CONSTANT_CONVERSION = YES;
				CLANG_WARN_DEPRECATED_OBJC_IMPLEMENTATIONS = YES;
				CLANG_WARN_DIRECT_OBJC_ISA_USAGE = YES_ERROR;
				CLANG_WARN_DOCUMENTATION_COMMENTS = YES;
				CLANG_WARN_EMPTY_BODY = YES;
				CLANG_WARN_ENUM_CONVERSION = YES;
				CLANG_WARN_INFINITE_RECURSION = YES;
				CLANG_WARN_INT_CONVERSION = YES;
				CLANG_WARN_NON_LITERAL_NULL_CONVERSION = YES;
				CLANG_WARN_OBJC_IMPLICIT_RETAIN_SELF = YES;
				CLANG_WARN_OBJC_LITERAL_CONVERSION = YES;
				CLANG_WARN_OBJC_ROOT_CLASS = YES_ERROR;
				CLANG_WARN_QUOTED_INCLUDE_IN_FRAMEWORK_HEADER = YES;
				CLANG_WARN_RANGE_LOOP_ANALYSIS = YES;
				CLANG_WARN_STRICT_PROTOTYPES = YES;
				CLANG_WARN_SUSPICIOUS_MOVE = YES;
				CLANG_WARN_UNGUARDED_AVAILABILITY = YES_AGGRESSIVE;
				CLANG_WARN_UNREACHABLE_CODE = YES;
				CLANG_WARN__DUPLICATE_METHOD_MATCH = YES;
				COPY_PHASE_STRIP = NO;
				DEBUG_INFORMATION_FORMAT = dwarf;
				ENABLE_STRICT_OBJC_MSGSEND = YES;
				ENABLE_TESTABILITY = YES;
				GCC_C_LANGUAGE_STANDARD = gnu11;
				GCC_DYNAMIC_NO_PIC = NO;
				GCC_NO_COMMON_BLOCKS = YES;
				GCC_OPTIMIZATION_LEVEL = 0;
				GCC_PREPROCESSOR_DEFINITIONS = (
					"DEBUG=1",
					"$(inherited)",
				);
				GCC_WARN_64_TO_32_BIT_CONVERSION = YES;
				GCC_WARN_ABOUT_RETURN_TYPE = YES_ERROR;
				GCC_WARN_UNDECLARED_SELECTOR = YES;
				GCC_WARN_UNINITIALIZED_AUTOS = YES_AGGRESSIVE;
				GCC_WARN_UNUSED_FUNCTION = YES;
				GCC_WARN_UNUSED_VARIABLE = YES;
				IPHONEOS_DEPLOYMENT_TARGET = 15.0;
				MTL_ENABLE_DEBUG_INFO = INCLUDE_SOURCE;
				MTL_FAST_MATH = YES;
				ONLY_ACTIVE_ARCH = YES;
				SDKROOT = iphoneos;
				SWIFT_ACTIVE_COMPILATION_CONDITIONS = DEBUG;
				SWIFT_OPTIMIZATION_LEVEL = "-Onone";
			};
			name = Debug;
		};
		BFD94604244DC5EC0012785A /* Release */ = {
			isa = XCBuildConfiguration;
			buildSettings = {
				ALWAYS_SEARCH_USER_PATHS = NO;
				CLANG_ANALYZER_NONNULL = YES;
				CLANG_ANALYZER_NUMBER_OBJECT_CONVERSION = YES_AGGRESSIVE;
				CLANG_CXX_LANGUAGE_STANDARD = "gnu++14";
				CLANG_CXX_LIBRARY = "libc++";
				CLANG_ENABLE_MODULES = YES;
				CLANG_ENABLE_OBJC_ARC = YES;
				CLANG_ENABLE_OBJC_WEAK = YES;
				CLANG_WARN_BLOCK_CAPTURE_AUTORELEASING = YES;
				CLANG_WARN_BOOL_CONVERSION = YES;
				CLANG_WARN_COMMA = YES;
				CLANG_WARN_CONSTANT_CONVERSION = YES;
				CLANG_WARN_DEPRECATED_OBJC_IMPLEMENTATIONS = YES;
				CLANG_WARN_DIRECT_OBJC_ISA_USAGE = YES_ERROR;
				CLANG_WARN_DOCUMENTATION_COMMENTS = YES;
				CLANG_WARN_EMPTY_BODY = YES;
				CLANG_WARN_ENUM_CONVERSION = YES;
				CLANG_WARN_INFINITE_RECURSION = YES;
				CLANG_WARN_INT_CONVERSION = YES;
				CLANG_WARN_NON_LITERAL_NULL_CONVERSION = YES;
				CLANG_WARN_OBJC_IMPLICIT_RETAIN_SELF = YES;
				CLANG_WARN_OBJC_LITERAL_CONVERSION = YES;
				CLANG_WARN_OBJC_ROOT_CLASS = YES_ERROR;
				CLANG_WARN_QUOTED_INCLUDE_IN_FRAMEWORK_HEADER = YES;
				CLANG_WARN_RANGE_LOOP_ANALYSIS = YES;
				CLANG_WARN_STRICT_PROTOTYPES = YES;
				CLANG_WARN_SUSPICIOUS_MOVE = YES;
				CLANG_WARN_UNGUARDED_AVAILABILITY = YES_AGGRESSIVE;
				CLANG_WARN_UNREACHABLE_CODE = YES;
				CLANG_WARN__DUPLICATE_METHOD_MATCH = YES;
				COPY_PHASE_STRIP = NO;
				DEBUG_INFORMATION_FORMAT = "dwarf-with-dsym";
				ENABLE_NS_ASSERTIONS = NO;
				ENABLE_STRICT_OBJC_MSGSEND = YES;
				GCC_C_LANGUAGE_STANDARD = gnu11;
				GCC_NO_COMMON_BLOCKS = YES;
				GCC_WARN_64_TO_32_BIT_CONVERSION = YES;
				GCC_WARN_ABOUT_RETURN_TYPE = YES_ERROR;
				GCC_WARN_UNDECLARED_SELECTOR = YES;
				GCC_WARN_UNINITIALIZED_AUTOS = YES_AGGRESSIVE;
				GCC_WARN_UNUSED_FUNCTION = YES;
				GCC_WARN_UNUSED_VARIABLE = YES;
				IPHONEOS_DEPLOYMENT_TARGET = 15.0;
				MTL_ENABLE_DEBUG_INFO = NO;
				MTL_FAST_MATH = YES;
				SDKROOT = iphoneos;
				SWIFT_COMPILATION_MODE = wholemodule;
				SWIFT_OPTIMIZATION_LEVEL = "-O";
				VALIDATE_PRODUCT = YES;
			};
			name = Release;
		};
		BFD94606244DC5EC0012785A /* Debug */ = {
			isa = XCBuildConfiguration;
			buildSettings = {
				ASSETCATALOG_COMPILER_APPICON_NAME = AppIcon;
				CODE_SIGN_STYLE = Automatic;
				DEVELOPMENT_TEAM = "";
				INFOPLIST_FILE = iOSEngineerCodeCheck/Info.plist;
				LD_RUNPATH_SEARCH_PATHS = (
					"$(inherited)",
					"@executable_path/Frameworks",
				);
				PRODUCT_BUNDLE_IDENTIFIER = jp.yumemi.iOSEngineerCodeCheck;
				PRODUCT_NAME = "$(TARGET_NAME)";
				SWIFT_VERSION = 5.0;
				TARGETED_DEVICE_FAMILY = "1,2";
			};
			name = Debug;
		};
		BFD94607244DC5EC0012785A /* Release */ = {
			isa = XCBuildConfiguration;
			buildSettings = {
				ASSETCATALOG_COMPILER_APPICON_NAME = AppIcon;
				CODE_SIGN_STYLE = Automatic;
				DEVELOPMENT_TEAM = "";
				INFOPLIST_FILE = iOSEngineerCodeCheck/Info.plist;
				LD_RUNPATH_SEARCH_PATHS = (
					"$(inherited)",
					"@executable_path/Frameworks",
				);
				PRODUCT_BUNDLE_IDENTIFIER = jp.yumemi.iOSEngineerCodeCheck;
				PRODUCT_NAME = "$(TARGET_NAME)";
				SWIFT_VERSION = 5.0;
				TARGETED_DEVICE_FAMILY = "1,2";
			};
			name = Release;
		};
		BFD94609244DC5EC0012785A /* Debug */ = {
			isa = XCBuildConfiguration;
			buildSettings = {
				ALWAYS_EMBED_SWIFT_STANDARD_LIBRARIES = YES;
				BUNDLE_LOADER = "$(TEST_HOST)";
				CODE_SIGN_STYLE = Automatic;
				DEVELOPMENT_TEAM = S7G9J68NLX;
				INFOPLIST_FILE = iOSEngineerCodeCheckTests/Info.plist;
				LD_RUNPATH_SEARCH_PATHS = (
					"$(inherited)",
					"@executable_path/Frameworks",
					"@loader_path/Frameworks",
				);
				PRODUCT_BUNDLE_IDENTIFIER = jp.yumemi.iOSEngineerCodeCheckTests;
				PRODUCT_NAME = "$(TARGET_NAME)";
				SWIFT_VERSION = 5.0;
				TARGETED_DEVICE_FAMILY = "1,2";
				TEST_HOST = "$(BUILT_PRODUCTS_DIR)/iOSEngineerCodeCheck.app/iOSEngineerCodeCheck";
			};
			name = Debug;
		};
		BFD9460A244DC5EC0012785A /* Release */ = {
			isa = XCBuildConfiguration;
			buildSettings = {
				ALWAYS_EMBED_SWIFT_STANDARD_LIBRARIES = YES;
				BUNDLE_LOADER = "$(TEST_HOST)";
				CODE_SIGN_STYLE = Automatic;
				DEVELOPMENT_TEAM = S7G9J68NLX;
				INFOPLIST_FILE = iOSEngineerCodeCheckTests/Info.plist;
				LD_RUNPATH_SEARCH_PATHS = (
					"$(inherited)",
					"@executable_path/Frameworks",
					"@loader_path/Frameworks",
				);
				PRODUCT_BUNDLE_IDENTIFIER = jp.yumemi.iOSEngineerCodeCheckTests;
				PRODUCT_NAME = "$(TARGET_NAME)";
				SWIFT_VERSION = 5.0;
				TARGETED_DEVICE_FAMILY = "1,2";
				TEST_HOST = "$(BUILT_PRODUCTS_DIR)/iOSEngineerCodeCheck.app/iOSEngineerCodeCheck";
			};
			name = Release;
		};
		BFD9460C244DC5EC0012785A /* Debug */ = {
			isa = XCBuildConfiguration;
			buildSettings = {
				ALWAYS_EMBED_SWIFT_STANDARD_LIBRARIES = YES;
				CODE_SIGN_STYLE = Automatic;
				DEVELOPMENT_TEAM = S7G9J68NLX;
				INFOPLIST_FILE = iOSEngineerCodeCheckUITests/Info.plist;
				LD_RUNPATH_SEARCH_PATHS = (
					"$(inherited)",
					"@executable_path/Frameworks",
					"@loader_path/Frameworks",
				);
				PRODUCT_BUNDLE_IDENTIFIER = jp.yumemi.iOSEngineerCodeCheckUITests;
				PRODUCT_NAME = "$(TARGET_NAME)";
				SWIFT_VERSION = 5.0;
				TARGETED_DEVICE_FAMILY = "1,2";
				TEST_TARGET_NAME = iOSEngineerCodeCheck;
			};
			name = Debug;
		};
		BFD9460D244DC5EC0012785A /* Release */ = {
			isa = XCBuildConfiguration;
			buildSettings = {
				ALWAYS_EMBED_SWIFT_STANDARD_LIBRARIES = YES;
				CODE_SIGN_STYLE = Automatic;
				DEVELOPMENT_TEAM = S7G9J68NLX;
				INFOPLIST_FILE = iOSEngineerCodeCheckUITests/Info.plist;
				LD_RUNPATH_SEARCH_PATHS = (
					"$(inherited)",
					"@executable_path/Frameworks",
					"@loader_path/Frameworks",
				);
				PRODUCT_BUNDLE_IDENTIFIER = jp.yumemi.iOSEngineerCodeCheckUITests;
				PRODUCT_NAME = "$(TARGET_NAME)";
				SWIFT_VERSION = 5.0;
				TARGETED_DEVICE_FAMILY = "1,2";
				TEST_TARGET_NAME = iOSEngineerCodeCheck;
			};
			name = Release;
		};
/* End XCBuildConfiguration section */

/* Begin XCConfigurationList section */
		BFD945D6244DC5E80012785A /* Build configuration list for PBXProject "iOSEngineerCodeCheck" */ = {
			isa = XCConfigurationList;
			buildConfigurations = (
				BFD94603244DC5EC0012785A /* Debug */,
				BFD94604244DC5EC0012785A /* Release */,
			);
			defaultConfigurationIsVisible = 0;
			defaultConfigurationName = Release;
		};
		BFD94605244DC5EC0012785A /* Build configuration list for PBXNativeTarget "iOSEngineerCodeCheck" */ = {
			isa = XCConfigurationList;
			buildConfigurations = (
				BFD94606244DC5EC0012785A /* Debug */,
				BFD94607244DC5EC0012785A /* Release */,
			);
			defaultConfigurationIsVisible = 0;
			defaultConfigurationName = Release;
		};
		BFD94608244DC5EC0012785A /* Build configuration list for PBXNativeTarget "iOSEngineerCodeCheckTests" */ = {
			isa = XCConfigurationList;
			buildConfigurations = (
				BFD94609244DC5EC0012785A /* Debug */,
				BFD9460A244DC5EC0012785A /* Release */,
			);
			defaultConfigurationIsVisible = 0;
			defaultConfigurationName = Release;
		};
		BFD9460B244DC5EC0012785A /* Build configuration list for PBXNativeTarget "iOSEngineerCodeCheckUITests" */ = {
			isa = XCConfigurationList;
			buildConfigurations = (
				BFD9460C244DC5EC0012785A /* Debug */,
				BFD9460D244DC5EC0012785A /* Release */,
			);
			defaultConfigurationIsVisible = 0;
			defaultConfigurationName = Release;
		};
/* End XCConfigurationList section */

/* Begin XCRemoteSwiftPackageReference section */
		1570797D292BA9EB00E48161 /* XCRemoteSwiftPackageReference "ReSwift" */ = {
			isa = XCRemoteSwiftPackageReference;
			repositoryURL = "https://github.com/ReSwift/ReSwift.git";
			requirement = {
				kind = upToNextMajorVersion;
				minimumVersion = 6.1.0;
			};
		};
		15707980292BAA4700E48161 /* XCRemoteSwiftPackageReference "ReSwift-Thunk" */ = {
			isa = XCRemoteSwiftPackageReference;
			repositoryURL = "https://github.com/ReSwift/ReSwift-Thunk.git";
			requirement = {
				kind = upToNextMajorVersion;
				minimumVersion = 2.0.0;
			};
		};
		157079A4292BAD0500E48161 /* XCRemoteSwiftPackageReference "RxSwift" */ = {
			isa = XCRemoteSwiftPackageReference;
			repositoryURL = "https://github.com/ReactiveX/RxSwift.git";
			requirement = {
				kind = upToNextMinorVersion;
				minimumVersion = 6.5.0;
			};
		};
		15A457C1293A1E67002068F9 /* XCRemoteSwiftPackageReference "ios-snapshot-test-case" */ = {
			isa = XCRemoteSwiftPackageReference;
			repositoryURL = "https://github.com/uber/ios-snapshot-test-case.git";
			requirement = {
				kind = upToNextMinorVersion;
				minimumVersion = 8.0.0;
			};
		};
		15C158B1292F8B7400BA5710 /* XCRemoteSwiftPackageReference "RxDataSources" */ = {
			isa = XCRemoteSwiftPackageReference;
			repositoryURL = "https://github.com/RxSwiftCommunity/RxDataSources.git";
			requirement = {
				kind = upToNextMinorVersion;
				minimumVersion = 5.0.0;
			};
		};
		15CA111C292DD48E00941B76 /* XCRemoteSwiftPackageReference "RxSwiftExt" */ = {
			isa = XCRemoteSwiftPackageReference;
			repositoryURL = "https://github.com/RxSwiftCommunity/RxSwiftExt";
			requirement = {
				kind = upToNextMinorVersion;
				minimumVersion = 6.1.0;
			};
		};
		15E143C4291FA70500D980A3 /* XCRemoteSwiftPackageReference "Kingfisher" */ = {
			isa = XCRemoteSwiftPackageReference;
			repositoryURL = "https://github.com/onevcat/Kingfisher.git";
			requirement = {
				kind = upToNextMajorVersion;
				minimumVersion = 7.0.0;
			};
		};
/* End XCRemoteSwiftPackageReference section */

/* Begin XCSwiftPackageProductDependency section */
		1570797E292BA9EB00E48161 /* ReSwift */ = {
			isa = XCSwiftPackageProductDependency;
			package = 1570797D292BA9EB00E48161 /* XCRemoteSwiftPackageReference "ReSwift" */;
			productName = ReSwift;
		};
		15707981292BAA4700E48161 /* ReSwiftThunk */ = {
			isa = XCSwiftPackageProductDependency;
			package = 15707980292BAA4700E48161 /* XCRemoteSwiftPackageReference "ReSwift-Thunk" */;
			productName = ReSwiftThunk;
		};
		157079A5292BAD0500E48161 /* RxBlocking */ = {
			isa = XCSwiftPackageProductDependency;
			package = 157079A4292BAD0500E48161 /* XCRemoteSwiftPackageReference "RxSwift" */;
			productName = RxBlocking;
		};
		157079A7292BAD0500E48161 /* RxCocoa */ = {
			isa = XCSwiftPackageProductDependency;
			package = 157079A4292BAD0500E48161 /* XCRemoteSwiftPackageReference "RxSwift" */;
			productName = RxCocoa;
		};
		157079A9292BAD0500E48161 /* RxRelay */ = {
			isa = XCSwiftPackageProductDependency;
			package = 157079A4292BAD0500E48161 /* XCRemoteSwiftPackageReference "RxSwift" */;
			productName = RxRelay;
		};
		157079AB292BAD0500E48161 /* RxSwift */ = {
			isa = XCSwiftPackageProductDependency;
			package = 157079A4292BAD0500E48161 /* XCRemoteSwiftPackageReference "RxSwift" */;
			productName = RxSwift;
		};
		157079AD292BAD0500E48161 /* RxTest */ = {
			isa = XCSwiftPackageProductDependency;
			package = 157079A4292BAD0500E48161 /* XCRemoteSwiftPackageReference "RxSwift" */;
			productName = RxTest;
		};
		15A457C2293A1E67002068F9 /* iOSSnapshotTestCase */ = {
			isa = XCSwiftPackageProductDependency;
			package = 15A457C1293A1E67002068F9 /* XCRemoteSwiftPackageReference "ios-snapshot-test-case" */;
			productName = iOSSnapshotTestCase;
		};
		15C158B2292F8B7400BA5710 /* Differentiator */ = {
			isa = XCSwiftPackageProductDependency;
			package = 15C158B1292F8B7400BA5710 /* XCRemoteSwiftPackageReference "RxDataSources" */;
			productName = Differentiator;
		};
		15C158B4292F8B7400BA5710 /* RxDataSources */ = {
			isa = XCSwiftPackageProductDependency;
			package = 15C158B1292F8B7400BA5710 /* XCRemoteSwiftPackageReference "RxDataSources" */;
			productName = RxDataSources;
		};
		15CA111D292DD48E00941B76 /* RxSwiftExt */ = {
			isa = XCSwiftPackageProductDependency;
			package = 15CA111C292DD48E00941B76 /* XCRemoteSwiftPackageReference "RxSwiftExt" */;
			productName = RxSwiftExt;
		};
		15E143C5291FA70500D980A3 /* Kingfisher */ = {
			isa = XCSwiftPackageProductDependency;
			package = 15E143C4291FA70500D980A3 /* XCRemoteSwiftPackageReference "Kingfisher" */;
			productName = Kingfisher;
		};
/* End XCSwiftPackageProductDependency section */
	};
	rootObject = BFD945D3244DC5E80012785A /* Project object */;
}
